
Microsoft Visual Studio Solution File, Format Version 12.00
# Visual Studio 15
VisualStudioVersion = 15.0.27703.2042
MinimumVisualStudioVersion = 10.0.40219.1
Project("{2150E333-8FDC-42A3-9474-1A3956D46DE8}") = "2-Domain", "2-Domain", "{09C6C0D5-B929-49A9-84CE-4EB68F81D606}"
EndProject
Project("{2150E333-8FDC-42A3-9474-1A3956D46DE8}") = "1-UI", "1-UI", "{F595FF75-4E73-4F5C-8651-A311F965C8B7}"
EndProject
Project("{FAE04EC0-301F-11D3-BF4B-00C04F79EFBC}") = "SGC.ApplicationCore", "2-Domain\SGC.ApplicationCore\SGC.ApplicationCore.csproj", "{F9D58B5A-E8DD-4E60-9E5A-A45E25DC225D}"
EndProject
Project("{2150E333-8FDC-42A3-9474-1A3956D46DE8}") = "3-Infrastructure", "3-Infrastructure", "{1A09D146-E709-487B-A4E3-77F77457C646}"
EndProject
Project("{FAE04EC0-301F-11D3-BF4B-00C04F79EFBC}") = "SGC.UI.Web", "1-UI\SGC.UI.WEB\SGC.UI.Web.csproj", "{17716C3A-1B46-47B0-B4C2-8882CA8F00D1}"
EndProject
Project("{9A19103F-16F7-4668-BE54-9A1E7A4F7556}") = "SGC.Infrastructure", "3-Infrastructure\SGC.Infrastructure\SGC.Infrastructure.csproj", "{84690454-716A-4A35-96F9-A2A9BB4EA6F5}"
EndProject
Global
	GlobalSection(SolutionConfigurationPlatforms) = preSolution
		Debug|Any CPU = Debug|Any CPU
		Release|Any CPU = Release|Any CPU
	EndGlobalSection
	GlobalSection(ProjectConfigurationPlatforms) = postSolution
		{F9D58B5A-E8DD-4E60-9E5A-A45E25DC225D}.Debug|Any CPU.ActiveCfg = Debug|Any CPU
		{F9D58B5A-E8DD-4E60-9E5A-A45E25DC225D}.Debug|Any CPU.Build.0 = Debug|Any CPU
		{F9D58B5A-E8DD-4E60-9E5A-A45E25DC225D}.Release|Any CPU.ActiveCfg = Release|Any CPU
		{F9D58B5A-E8DD-4E60-9E5A-A45E25DC225D}.Release|Any CPU.Build.0 = Release|Any CPU
		{17716C3A-1B46-47B0-B4C2-8882CA8F00D1}.Debug|Any CPU.ActiveCfg = Debug|Any CPU
		{17716C3A-1B46-47B0-B4C2-8882CA8F00D1}.Debug|Any CPU.Build.0 = Debug|Any CPU
		{17716C3A-1B46-47B0-B4C2-8882CA8F00D1}.Release|Any CPU.ActiveCfg = Release|Any CPU
		{17716C3A-1B46-47B0-B4C2-8882CA8F00D1}.Release|Any CPU.Build.0 = Release|Any CPU
		{84690454-716A-4A35-96F9-A2A9BB4EA6F5}.Debug|Any CPU.ActiveCfg = Debug|Any CPU
		{84690454-716A-4A35-96F9-A2A9BB4EA6F5}.Debug|Any CPU.Build.0 = Debug|Any CPU
		{84690454-716A-4A35-96F9-A2A9BB4EA6F5}.Release|Any CPU.ActiveCfg = Release|Any CPU
		{84690454-716A-4A35-96F9-A2A9BB4EA6F5}.Release|Any CPU.Build.0 = Release|Any CPU
	EndGlobalSection
	GlobalSection(SolutionProperties) = preSolution
		HideSolutionNode = FALSE
	EndGlobalSection
	GlobalSection(NestedProjects) = preSolution
		{F9D58B5A-E8DD-4E60-9E5A-A45E25DC225D} = {09C6C0D5-B929-49A9-84CE-4EB68F81D606}
		{17716C3A-1B46-47B0-B4C2-8882CA8F00D1} = {F595FF75-4E73-4F5C-8651-A311F965C8B7}
		{84690454-716A-4A35-96F9-A2A9BB4EA6F5} = {1A09D146-E709-487B-A4E3-77F77457C646}
	EndGlobalSection
	GlobalSection(ExtensibilityGlobals) = postSolution
		SolutionGuid = {4496EF97-DC52-4461-8067-2C09515C0A4E}
	EndGlobalSection
EndGlobal
